# THIS IS AN AUTOGENERATED FILE. DO NOT EDIT THIS FILE DIRECTLY.
# yarn lockfile v1


"@types/semver@^7.3.5":
  version "7.3.8"
  resolved "https://registry.nlark.com/@types/semver/download/@types/semver-7.3.8.tgz?cache=0&sync_timestamp=1629709176578&other_urls=https%3A%2F%2Fregistry.nlark.com%2F%40types%2Fsemver%2Fdownload%2F%40types%2Fsemver-7.3.8.tgz#508a27995498d7586dcecd77c25e289bfaf90c59"
  integrity sha1-UIonmVSY11htzs13wl4om/r5DFk=

argparse@^2.0.1:
  version "2.0.1"
  resolved "https://registry.nlark.com/argparse/download/argparse-2.0.1.tgz#246f50f3ca78a3240f6c997e8a9bd1eac49e4b38"
  integrity sha1-JG9Q88p4oyQPbJl+ipvR6sSeSzg=

builder-util-runtime@8.7.5:
  version "8.7.5"
  resolved "https://registry.nlark.com/builder-util-runtime/download/builder-util-runtime-8.7.5.tgz?cache=0&sync_timestamp=1631123288963&other_urls=https%3A%2F%2Fregistry.nlark.com%2Fbuilder-util-runtime%2Fdownload%2Fbuilder-util-runtime-8.7.5.tgz#fbe59e274818885e0d2e358d5b7017c34ae6b0f5"
  integrity sha1-++WeJ0gYiF4NLjWNW3AXw0rmsPU=
  dependencies:
    debug "^4.3.2"
    sax "^1.2.4"

debug@^4.3.2:
  version "4.3.2"
  resolved "https://registry.nlark.com/debug/download/debug-4.3.2.tgz?cache=0&sync_timestamp=1625374675284&other_urls=https%3A%2F%2Fregistry.nlark.com%2Fdebug%2Fdownload%2Fdebug-4.3.2.tgz#f0a49c18ac8779e31d4a0c6029dfb76873c7428b"
  integrity sha1-8KScGKyHeeMdSgxgKd+3aHPHQos=
  dependencies:
    ms "2.1.2"

electron-better-ipc@^2.0.1:
  version "2.0.1"
  resolved "https://registry.nlark.com/electron-better-ipc/download/electron-better-ipc-2.0.1.tgz#982a4468e814f9f19308c7865a148c6dca5e218a"
  integrity sha1-mCpEaOgU+fGTCMeGWhSMbcpeIYo=
  dependencies:
    serialize-error "^8.1.0"

electron-dl@^3.2.1:
  version "3.2.1"
  resolved "https://registry.npm.taobao.org/electron-dl/download/electron-dl-3.2.1.tgz#244a1316c663691f70e8aa4515cd1a401b4b5690"
  integrity sha1-JEoTFsZjaR9w6KpFFc0aQBtLVpA=
  dependencies:
    ext-name "^5.0.0"
    pupa "^2.0.1"
    unused-filename "^2.1.0"

electron-is-dev@^1.1.0:
  version "1.2.0"
  resolved "https://registry.npm.taobao.org/electron-is-dev/download/electron-is-dev-1.2.0.tgz#2e5cea0a1b3ccf1c86f577cee77363ef55deb05e"
  integrity sha1-LlzqChs8zxyG9XfO53Nj71XesF4=

electron-log@^4.4.1:
  version "4.4.1"
  resolved "https://registry.nlark.com/electron-log/download/electron-log-4.4.1.tgz?cache=0&sync_timestamp=1627734216263&other_urls=https%3A%2F%2Fregistry.nlark.com%2Felectron-log%2Fdownload%2Felectron-log-4.4.1.tgz#28ebeb474eccba2ebf194a96c40d6328e5353e4d"
  integrity sha1-KOvrR07Mui6/GUqWxA1jKOU1Pk0=

electron-serve@^1.1.0:
  version "1.1.0"
  resolved "https://registry.nlark.com/electron-serve/download/electron-serve-1.1.0.tgz#507f56c8512c501880d3a9bec792fa92512af378"
  integrity sha1-UH9WyFEsUBiA06m+x5L6klEq83g=

electron-updater@^4.3.9:
  version "4.3.9"
  resolved "https://registry.nlark.com/electron-updater/download/electron-updater-4.3.9.tgz#247c660bafad7c07935e1b81acd3e9a5fd733154"
  integrity sha1-JHxmC6+tfAeTXhuBrNPppf1zMVQ=
  dependencies:
    "@types/semver" "^7.3.5"
    builder-util-runtime "8.7.5"
    fs-extra "^10.0.0"
    js-yaml "^4.1.0"
    lazy-val "^1.0.4"
    lodash.escaperegexp "^4.1.2"
    lodash.isequal "^4.5.0"
    semver "^7.3.5"

electron-util@^0.17.2:
  version "0.17.2"
  resolved "https://registry.nlark.com/electron-util/download/electron-util-0.17.2.tgz#6b0fe798ae0154585e7e0e96a707bfeae592be05"
  integrity sha1-aw/nmK4BVFhefg6Wpwe/6uWSvgU=
  dependencies:
    electron-is-dev "^1.1.0"
    new-github-issue-url "^0.2.1"

escape-goat@^2.0.0:
  version "2.1.1"
  resolved "https://registry.npm.taobao.org/escape-goat/download/escape-goat-2.1.1.tgz?cache=0&other_urls=https%3A%2F%2Fregistry.npm.taobao.org%2Fescape-goat%2Fdownload%2Fescape-goat-2.1.1.tgz#1b2dc77003676c457ec760b2dc68edb648188675"
  integrity sha1-Gy3HcANnbEV+x2Cy3GjttkgYhnU=

ext-list@^2.0.0:
  version "2.2.2"
  resolved "https://registry.nlark.com/ext-list/download/ext-list-2.2.2.tgz#0b98e64ed82f5acf0f2931babf69212ef52ddd37"
  integrity sha1-C5jmTtgvWs8PKTG6v2khLvUt3Tc=
  dependencies:
    mime-db "^1.28.0"

ext-name@^5.0.0:
  version "5.0.0"
  resolved "https://registry.npm.taobao.org/ext-name/download/ext-name-5.0.0.tgz#70781981d183ee15d13993c8822045c506c8f0a6"
  integrity sha1-cHgZgdGD7hXROZPIgiBFxQbI8KY=
  dependencies:
    ext-list "^2.0.0"
    sort-keys-length "^1.0.0"

fs-extra@^10.0.0:
  version "10.0.0"
  resolved "https://registry.nlark.com/fs-extra/download/fs-extra-10.0.0.tgz#9ff61b655dde53fb34a82df84bb214ce802e17c1"
  integrity sha1-n/YbZV3eU/s0qC34S7IUzoAuF8E=
  dependencies:
    graceful-fs "^4.2.0"
    jsonfile "^6.0.1"
    universalify "^2.0.0"

graceful-fs@^4.1.6, graceful-fs@^4.2.0:
  version "4.2.8"
  resolved "https://registry.nlark.com/graceful-fs/download/graceful-fs-4.2.8.tgz?cache=0&sync_timestamp=1628194078324&other_urls=https%3A%2F%2Fregistry.nlark.com%2Fgraceful-fs%2Fdownload%2Fgraceful-fs-4.2.8.tgz#e412b8d33f5e006593cbd3cee6df9f2cebbe802a"
  integrity sha1-5BK40z9eAGWTy9PO5t+fLOu+gCo=

is-plain-obj@^1.0.0:
  version "1.1.0"
  resolved "https://registry.npm.taobao.org/is-plain-obj/download/is-plain-obj-1.1.0.tgz#71a50c8429dfca773c92a390a4a03b39fcd51d3e"
  integrity sha1-caUMhCnfync8kqOQpKA7OfzVHT4=

js-yaml@^4.1.0:
  version "4.1.0"
  resolved "https://registry.npm.taobao.org/js-yaml/download/js-yaml-4.1.0.tgz#c1fb65f8f5017901cdd2c951864ba18458a10602"
  integrity sha1-wftl+PUBeQHN0slRhkuhhFihBgI=
  dependencies:
    argparse "^2.0.1"

jsonfile@^6.0.1:
  version "6.1.0"
  resolved "https://registry.nlark.com/jsonfile/download/jsonfile-6.1.0.tgz#bc55b2634793c679ec6403094eb13698a6ec0aae"
  integrity sha1-vFWyY0eTxnnsZAMJTrE2mKbsCq4=
  dependencies:
    universalify "^2.0.0"
  optionalDependencies:
    graceful-fs "^4.1.6"

lazy-val@^1.0.4:
  version "1.0.5"
  resolved "https://registry.nlark.com/lazy-val/download/lazy-val-1.0.5.tgz?cache=0&sync_timestamp=1620971390189&other_urls=https%3A%2F%2Fregistry.nlark.com%2Flazy-val%2Fdownload%2Flazy-val-1.0.5.tgz#6cf3b9f5bc31cee7ee3e369c0832b7583dcd923d"
  integrity sha1-bPO59bwxzufuPjacCDK3WD3Nkj0=

lodash.escaperegexp@^4.1.2:
  version "4.1.2"
  resolved "https://registry.npm.taobao.org/lodash.escaperegexp/download/lodash.escaperegexp-4.1.2.tgz#64762c48618082518ac3df4ccf5d5886dae20347"
  integrity sha1-ZHYsSGGAglGKw99Mz11YhtriA0c=

lodash.isequal@^4.5.0:
  version "4.5.0"
  resolved "https://registry.npm.taobao.org/lodash.isequal/download/lodash.isequal-4.5.0.tgz#415c4478f2bcc30120c22ce10ed3226f7d3e18e0"
  integrity sha1-QVxEePK8wwEgwizhDtMib30+GOA=

lru-cache@^6.0.0:
  version "6.0.0"
  resolved "https://registry.nlark.com/lru-cache/download/lru-cache-6.0.0.tgz#6d6fe6570ebd96aaf90fcad1dafa3b2566db3a94"
  integrity sha1-bW/mVw69lqr5D8rR2vo7JWbbOpQ=
  dependencies:
    yallist "^4.0.0"

mime-db@^1.28.0:
  version "1.49.0"
  resolved "https://registry.nlark.com/mime-db/download/mime-db-1.49.0.tgz#f3dfde60c99e9cf3bc9701d687778f537001cbed"
  integrity sha1-89/eYMmenPO8lwHWh3ePU3ABy+0=

modify-filename@^1.1.0:
  version "1.1.0"
  resolved "https://registry.npm.taobao.org/modify-filename/download/modify-filename-1.1.0.tgz#9a2dec83806fbb2d975f22beec859ca26b393aa1"
  integrity sha1-mi3sg4Bvuy2XXyK+7IWcoms5OqE=

ms@2.1.2:
  version "2.1.2"
  resolved "https://registry.nlark.com/ms/download/ms-2.1.2.tgz#d09d1f357b443f493382a8eb3ccd183872ae6009"
  integrity sha1-0J0fNXtEP0kzgqjrPM0YOHKuYAk=

new-github-issue-url@^0.2.1:
  version "0.2.1"
  resolved "https://registry.npm.taobao.org/new-github-issue-url/download/new-github-issue-url-0.2.1.tgz#e17be1f665a92de465926603e44b9f8685630c1d"
  integrity sha1-4Xvh9mWpLeRlkmYD5EufhoVjDB0=

path-exists@^4.0.0:
  version "4.0.0"
  resolved "https://registry.nlark.com/path-exists/download/path-exists-4.0.0.tgz?cache=0&other_urls=https%3A%2F%2Fregistry.nlark.com%2Fpath-exists%2Fdownload%2Fpath-exists-4.0.0.tgz#513bdbe2d3b95d7762e8c1137efa195c6c61b5b3"
  integrity sha1-UTvb4tO5XXdi6METfvoZXGxhtbM=

pupa@^2.0.1:
  version "2.1.1"
  resolved "https://registry.nlark.com/pupa/download/pupa-2.1.1.tgz?cache=0&sync_timestamp=1631543593292&other_urls=https%3A%2F%2Fregistry.nlark.com%2Fpupa%2Fdownload%2Fpupa-2.1.1.tgz#f5e8fd4afc2c5d97828faa523549ed8744a20d62"
  integrity sha1-9ej9SvwsXZeCj6pSNUnth0SiDWI=
  dependencies:
    escape-goat "^2.0.0"

sax@^1.2.4:
  version "1.2.4"
  resolved "https://registry.npm.taobao.org/sax/download/sax-1.2.4.tgz#2816234e2378bddc4e5354fab5caa895df7100d9"
  integrity sha1-KBYjTiN4vdxOU1T6tcqold9xANk=

semver@^7.3.5:
  version "7.3.5"
  resolved "https://registry.nlark.com/semver/download/semver-7.3.5.tgz?cache=0&sync_timestamp=1618847119601&other_urls=https%3A%2F%2Fregistry.nlark.com%2Fsemver%2Fdownload%2Fsemver-7.3.5.tgz#0b621c879348d8998e4b0e4be94b3f12e6018ef7"
  integrity sha1-C2Ich5NI2JmOSw5L6Us/EuYBjvc=
  dependencies:
    lru-cache "^6.0.0"

serialize-error@^8.1.0:
  version "8.1.0"
  resolved "https://registry.nlark.com/serialize-error/download/serialize-error-8.1.0.tgz#3a069970c712f78634942ddd50fbbc0eaebe2f67"
  integrity sha1-OgaZcMcS94Y0lC3dUPu8Dq6+L2c=
  dependencies:
    type-fest "^0.20.2"

sort-keys-length@^1.0.0:
  version "1.0.1"
  resolved "https://registry.npm.taobao.org/sort-keys-length/download/sort-keys-length-1.0.1.tgz#9cb6f4f4e9e48155a6aa0671edd336ff1479a188"
  integrity sha1-nLb09OnkgVWmqgZx7dM2/xR5oYg=
  dependencies:
    sort-keys "^1.0.0"

sort-keys@^1.0.0:
  version "1.1.2"
  resolved "https://registry.nlark.com/sort-keys/download/sort-keys-1.1.2.tgz#441b6d4d346798f1b4e49e8920adfba0e543f9ad"
  integrity sha1-RBttTTRnmPG05J6JIK37oOVD+a0=
  dependencies:
    is-plain-obj "^1.0.0"

type-fest@^0.20.2:
  version "0.20.2"
  resolved "https://registry.nlark.com/type-fest/download/type-fest-0.20.2.tgz#1bf207f4b28f91583666cb5fbd327887301cd5f4"
  integrity sha1-G/IH9LKPkVg2ZstfvTJ4hzAc1fQ=

universalify@^2.0.0:
  version "2.0.0"
  resolved "https://registry.nlark.com/universalify/download/universalify-2.0.0.tgz#75a4984efedc4b08975c5aeb73f530d02df25717"
  integrity sha1-daSYTv7cSwiXXFrrc/Uw0C3yVxc=

unused-filename@^2.1.0:
  version "2.1.0"
  resolved "https://registry.nlark.com/unused-filename/download/unused-filename-2.1.0.tgz#33719c4e8d9644f32d2dec1bc8525c6aaeb4ba51"
  integrity sha1-M3GcTo2WRPMtLewbyFJcaq60ulE=
  dependencies:
    modify-filename "^1.1.0"
    path-exists "^4.0.0"

yallist@^4.0.0:
  version "4.0.0"
  resolved "https://registry.nlark.com/yallist/download/yallist-4.0.0.tgz?cache=0&sync_timestamp=1622604530774&other_urls=https%3A%2F%2Fregistry.nlark.com%2Fyallist%2Fdownload%2Fyallist-4.0.0.tgz#9bb92790d9c0effec63be73519e11a35019a3a72"
  integrity sha1-m7knkNnA7/7GO+c1GeEaNQGaOnI=
